{
  "object": {
    "pins": [
      {
        "package": "BigInt",
        "repositoryURL": "https://github.com/attaswift/BigInt",
        "state": {
          "branch": null,
          "revision": "0ed110f7555c34ff468e72e1686e59721f2b0da6",
          "version": "5.3.0"
        }
      },
      {
        "package": "CocoaLumberjack",
        "repositoryURL": "https://github.com/CocoaLumberjack/CocoaLumberjack.git",
        "state": {
          "branch": null,
          "revision": "e518eb6e362df327574ba5e04269cd6d29f40aec",
          "version": "3.7.2"
        }
      },
      {
        "package": "CryptoSwift",
        "repositoryURL": "https://github.com/krzyzanowskim/CryptoSwift.git",
        "state": {
          "branch": null,
          "revision": "8d4f6384e0a8cc41f2005247241dd553963a492a",
          "version": "1.4.1"
        }
      },
      {
        "package": "GenericJSON",
        "repositoryURL": "https://github.com/zoul/generic-json-swift",
        "state": {
          "branch": null,
          "revision": "a137894b2a217abe489cdf1ea287e6f7819b1051",
          "version": "2.0.1"
        }
      },
      {
        "package": "SDWebImage",
        "repositoryURL": "https://github.com/SDWebImage/SDWebImage.git",
        "state": {
          "branch": null,
          "revision": "76dd4b49110b8624317fc128e7fa0d8a252018bc",
          "version": "5.11.1"
        }
      },
      {
        "package": "SDWebImageSVGCoder",
        "repositoryURL": "https://github.com/SDWebImage/SDWebImageSVGCoder.git",
        "state": {
          "branch": null,
          "revision": "0fefd2b89c64fb5ebbce2294dcb67581ed0fc0ff",
          "version": "1.6.0"
        }
      },
      {
        "package": "SDWebImageSwiftUI",
        "repositoryURL": "https://github.com/SDWebImage/SDWebImageSwiftUI.git",
        "state": {
          "branch": null,
          "revision": "cd8625b7cf11a97698e180d28bb7d5d357196678",
          "version": "2.0.2"
        }
      },
      {
        "package": "secp256k1",
        "repositoryURL": "https://github.com/Boilertalk/secp256k1.swift",
        "state": {
          "branch": null,
          "revision": "823281fe9def21b384099b72a9a53ca988317b20",
          "version": "0.1.4"
        }
      },
      {
        "package": "SkeletonUI",
        "repositoryURL": "https://github.com/CSolanaM/SkeletonUI.git",
        "state": {
          "branch": null,
          "revision": "af57c38985cc3db4c446b8ae412d628e7025d8b1",
          "version": "1.0.5"
        }
      },
      {
        "package": "SVGKit",
        "repositoryURL": "https://github.com/SVGKit/SVGKit.git",
        "state": {
          "branch": null,
          "revision": "58152b9f7c85eab239160b36ffdfd364aa43d666",
          "version": "3.0.0"
        }
      },
      {
        "package": "swift-log",
        "repositoryURL": "https://github.com/apple/swift-log.git",
        "state": {
          "branch": null,
          "revision": "5d66f7ba25daf4f94100e7022febf3c75e37a6c7",
          "version": "1.4.2"
        }
      },
      {
        "package": "SnapshotTesting",
        "repositoryURL": "https://github.com/pointfreeco/swift-snapshot-testing",
        "state": {
          "branch": null,
          "revision": "f8a9c997c3c1dab4e216a8ec9014e23144cbab37",
          "version": "1.9.0"
        }
      },
      {
        "package": "web3.swift",
        "repositoryURL": "https://github.com/argentlabs/web3.swift.git",
        "state": {
          "branch": null,
          "revision": "8205d3f671e0248af7d2e0537664d1a85d1ee11e",
          "version": "0.8.1"
        }
      }
    ]
  },
  "version": 1
}
