// !$*UTF8*$!
{
	archiveVersion = 1;
	classes = {
	};
	objectVersion = 52;
	objects = {

/* Begin PBXBuildFile section */
		3D0B26252712D7C90071FA68 /* LazyView.swift in Sources */ = {isa = PBXBuildFile; fileRef = 3D0B26242712D7C90071FA68 /* LazyView.swift */; };
		3D0F46D926C7C9820044E89A /* PlayerLoopView.swift in Sources */ = {isa = PBXBuildFile; fileRef = 3D0F46D826C7C9820044E89A /* PlayerLoopView.swift */; };
		3D0F46DB26C7DA250044E89A /* BottomCardView.swift in Sources */ = {isa = PBXBuildFile; fileRef = 3D0F46DA26C7DA250044E89A /* BottomCardView.swift */; };
		3D0F46DD26C7DB4C0044E89A /* BlurView.swift in Sources */ = {isa = PBXBuildFile; fileRef = 3D0F46DC26C7DB4C0044E89A /* BlurView.swift */; };
		3D1733B3272F182D00ED2291 /* Launch Screen.storyboard in Resources */ = {isa = PBXBuildFile; fileRef = 3D1733B2272F182D00ED2291 /* Launch Screen.storyboard */; };
		3D24A7FC26E35329004BC218 /* Colors.swift in Sources */ = {isa = PBXBuildFile; fileRef = 3D24A7FB26E35329004BC218 /* Colors.swift */; };
		3D24A7FE26E35364004BC218 /* TabBar.swift in Sources */ = {isa = PBXBuildFile; fileRef = 3D24A7FD26E35364004BC218 /* TabBar.swift */; };
		3D5EF9B726F71CDD00A3A21B /* web3.swift in Frameworks */ = {isa = PBXBuildFile; productRef = 3D5EF9B626F71CDD00A3A21B /* web3.swift */; };
		3D5EF9B926F71D0C00A3A21B /* ENSRepository.swift in Sources */ = {isa = PBXBuildFile; fileRef = 3D5EF9B826F71D0C00A3A21B /* ENSRepository.swift */; };
		3D5F59DF26FF3E1B00C992D2 /* SDWebImageVideoCoder in Frameworks */ = {isa = PBXBuildFile; productRef = 3D5F59DE26FF3E1B00C992D2 /* SDWebImageVideoCoder */; };
		3D5F59E226FF3FC600C992D2 /* SDWebImageWebPCoder in Frameworks */ = {isa = PBXBuildFile; productRef = 3D5F59E126FF3FC600C992D2 /* SDWebImageWebPCoder */; };
		3D5F59EA26FF4CC400C992D2 /* RoundedCornerModifier.swift in Sources */ = {isa = PBXBuildFile; fileRef = 3D5F59E926FF4CC300C992D2 /* RoundedCornerModifier.swift */; };
		3D67B8E326F25F8600EB102D /* SavedNFTListView.swift in Sources */ = {isa = PBXBuildFile; fileRef = 3D67B8E226F25F8600EB102D /* SavedNFTListView.swift */; };
		3D67B8E526F4BE8700EB102D /* SavedNFTListViewModel.swift in Sources */ = {isa = PBXBuildFile; fileRef = 3D67B8E426F4BE8700EB102D /* SavedNFTListViewModel.swift */; };
		3D67B8E726F4BEAD00EB102D /* SavedNFTViewModel.swift in Sources */ = {isa = PBXBuildFile; fileRef = 3D67B8E626F4BEAD00EB102D /* SavedNFTViewModel.swift */; };
		3D700A3B26DCF626008F0A96 /* OpenSeaRepository.swift in Sources */ = {isa = PBXBuildFile; fileRef = 3D700A3A26DCF626008F0A96 /* OpenSeaRepository.swift */; };
		3D700A3E26DE5600008F0A96 /* SVGKit in Frameworks */ = {isa = PBXBuildFile; productRef = 3D700A3D26DE5600008F0A96 /* SVGKit */; };
		3D700A4026DE560E008F0A96 /* SVGImageView.swift in Sources */ = {isa = PBXBuildFile; fileRef = 3D700A3F26DE560E008F0A96 /* SVGImageView.swift */; };
		3D76414926C0C5C30063B043 /* NFTListViewModel.swift in Sources */ = {isa = PBXBuildFile; fileRef = 3D76414826C0C5C30063B043 /* NFTListViewModel.swift */; };
		3D773FE926E0BE5600BEA63F /* NFTCollection.swift in Sources */ = {isa = PBXBuildFile; fileRef = 3D773FE826E0BE5600BEA63F /* NFTCollection.swift */; };
		3D773FEB26E0C4F700BEA63F /* NFTCollectionListViewModel.swift in Sources */ = {isa = PBXBuildFile; fileRef = 3D773FEA26E0C4F700BEA63F /* NFTCollectionListViewModel.swift */; };
		3D773FED26E0C6AE00BEA63F /* NFTCollectionViewModel.swift in Sources */ = {isa = PBXBuildFile; fileRef = 3D773FEC26E0C6AE00BEA63F /* NFTCollectionViewModel.swift */; };
		3D773FEF26E0C91A00BEA63F /* NFTCollectionListView.swift in Sources */ = {isa = PBXBuildFile; fileRef = 3D773FEE26E0C91A00BEA63F /* NFTCollectionListView.swift */; };
		3D773FF126E0D51B00BEA63F /* NFTCollectionView.swift in Sources */ = {isa = PBXBuildFile; fileRef = 3D773FF026E0D51B00BEA63F /* NFTCollectionView.swift */; };
		3D773FF426E0DCE800BEA63F /* SDWebImageSwiftUI in Frameworks */ = {isa = PBXBuildFile; productRef = 3D773FF326E0DCE800BEA63F /* SDWebImageSwiftUI */; };
		3D773FF626E0DF3900BEA63F /* NFTCollectionSwipeView.swift in Sources */ = {isa = PBXBuildFile; fileRef = 3D773FF526E0DF3900BEA63F /* NFTCollectionSwipeView.swift */; };
		3D773FF926E0E06800BEA63F /* CardModifier.swift in Sources */ = {isa = PBXBuildFile; fileRef = 3D773FF826E0E06800BEA63F /* CardModifier.swift */; };
		3D79057E2709A68B0025E681 /* HideTabbarOnScrollViewModifier.swift in Sources */ = {isa = PBXBuildFile; fileRef = 3D79057D2709A68B0025E681 /* HideTabbarOnScrollViewModifier.swift */; };
		3D797A9126F732BC0036194A /* Web3Utils.swift in Sources */ = {isa = PBXBuildFile; fileRef = 3D797A9026F732BC0036194A /* Web3Utils.swift */; };
		3D797A9426F7AD980036194A /* CryptoSwift in Frameworks */ = {isa = PBXBuildFile; productRef = 3D797A9326F7AD980036194A /* CryptoSwift */; };
		3D797A9626F7AECD0036194A /* EthAddress.swift in Sources */ = {isa = PBXBuildFile; fileRef = 3D797A9526F7AECD0036194A /* EthAddress.swift */; };
		3D797A9826F7B0B70036194A /* NewWalletViewModel.swift in Sources */ = {isa = PBXBuildFile; fileRef = 3D797A9726F7B0B70036194A /* NewWalletViewModel.swift */; };
		3D86BEF926C4B10900BF2FB0 /* NFT.swift in Sources */ = {isa = PBXBuildFile; fileRef = 3D86BEF826C4B10900BF2FB0 /* NFT.swift */; };
		3D86BEFD26C4B6B800BF2FB0 /* NFTView.swift in Sources */ = {isa = PBXBuildFile; fileRef = 3D86BEFC26C4B6B800BF2FB0 /* NFTView.swift */; };
		3D86BF0126C4F76200BF2FB0 /* NetworkClient.swift in Sources */ = {isa = PBXBuildFile; fileRef = 3D86BF0026C4F76200BF2FB0 /* NetworkClient.swift */; };
		3D86BF0326C4F7A400BF2FB0 /* DownloadTask.swift in Sources */ = {isa = PBXBuildFile; fileRef = 3D86BF0226C4F7A400BF2FB0 /* DownloadTask.swift */; };
		3D86BF0726C4F7E000BF2FB0 /* ERC721Metadata.swift in Sources */ = {isa = PBXBuildFile; fileRef = 3D86BF0626C4F7E000BF2FB0 /* ERC721Metadata.swift */; };
		3D86BF0926C4F80400BF2FB0 /* Media.swift in Sources */ = {isa = PBXBuildFile; fileRef = 3D86BF0826C4F80400BF2FB0 /* Media.swift */; };
		3D86BF0C26C4F8E300BF2FB0 /* MediaViewModel.swift in Sources */ = {isa = PBXBuildFile; fileRef = 3D86BF0B26C4F8E300BF2FB0 /* MediaViewModel.swift */; };
		3D86BF0E26C4F8F300BF2FB0 /* NFTViewModel.swift in Sources */ = {isa = PBXBuildFile; fileRef = 3D86BF0D26C4F8F300BF2FB0 /* NFTViewModel.swift */; };
		3D86BF1126C4FB9300BF2FB0 /* Constants.swift in Sources */ = {isa = PBXBuildFile; fileRef = 3D86BF1026C4FB9300BF2FB0 /* Constants.swift */; };
		3D86BF1326C500E800BF2FB0 /* URLParser.swift in Sources */ = {isa = PBXBuildFile; fileRef = 3D86BF1226C500E800BF2FB0 /* URLParser.swift */; };
		3D86BF1626C50BA900BF2FB0 /* SkeletonUI in Frameworks */ = {isa = PBXBuildFile; productRef = 3D86BF1526C50BA900BF2FB0 /* SkeletonUI */; };
		3D86BF1926C51DBF00BF2FB0 /* UserCache.swift in Sources */ = {isa = PBXBuildFile; fileRef = 3D86BF1826C51DBF00BF2FB0 /* UserCache.swift */; };
		3D8F0D4626CDDED9006ABEB4 /* MultilineHStack.swift in Sources */ = {isa = PBXBuildFile; fileRef = 3D8F0D4526CDDED9006ABEB4 /* MultilineHStack.swift */; };
		3D8F0D4826CDE3F2006ABEB4 /* Title.swift in Sources */ = {isa = PBXBuildFile; fileRef = 3D8F0D4726CDE3F2006ABEB4 /* Title.swift */; };
		3D8F0D4B26CF3BFE006ABEB4 /* Image.swift in Sources */ = {isa = PBXBuildFile; fileRef = 3D8F0D4A26CF3BFE006ABEB4 /* Image.swift */; };
		3D8F0D4D26CF3FFE006ABEB4 /* ShareView.swift in Sources */ = {isa = PBXBuildFile; fileRef = 3D8F0D4C26CF3FFE006ABEB4 /* ShareView.swift */; };
		3D8F0D4F26D2555F006ABEB4 /* ZoomableScrollView.swift in Sources */ = {isa = PBXBuildFile; fileRef = 3D8F0D4E26D2555F006ABEB4 /* ZoomableScrollView.swift */; };
		3D8F0D5126D27A13006ABEB4 /* View+ViewModifiers.swift in Sources */ = {isa = PBXBuildFile; fileRef = 3D8F0D5026D27A13006ABEB4 /* View+ViewModifiers.swift */; };
		3D8F0D5326D27A9B006ABEB4 /* NewWalletView.swift in Sources */ = {isa = PBXBuildFile; fileRef = 3D8F0D5226D27A9B006ABEB4 /* NewWalletView.swift */; };
		3D8F0D5526D2867D006ABEB4 /* AddWalletButton.swift in Sources */ = {isa = PBXBuildFile; fileRef = 3D8F0D5426D2867D006ABEB4 /* AddWalletButton.swift */; };
		3D8F0D5726D28686006ABEB4 /* AppTextField.swift in Sources */ = {isa = PBXBuildFile; fileRef = 3D8F0D5626D28686006ABEB4 /* AppTextField.swift */; };
		3D8FBF7D26F2508E0051B8B8 /* BackButtonView.swift in Sources */ = {isa = PBXBuildFile; fileRef = 3D8FBF7C26F2508E0051B8B8 /* BackButtonView.swift */; };
		3D8FBF7F26F256F10051B8B8 /* NFTPersistenceStore.swift in Sources */ = {isa = PBXBuildFile; fileRef = 3D8FBF7E26F256F10051B8B8 /* NFTPersistenceStore.swift */; };
		3D8FBF8226F257CC0051B8B8 /* NFTs.xcdatamodeld in Sources */ = {isa = PBXBuildFile; fileRef = 3D8FBF8026F257CC0051B8B8 /* NFTs.xcdatamodeld */; };
		3D92920926CD1B5E00F4A772 /* AttributeView.swift in Sources */ = {isa = PBXBuildFile; fileRef = 3D92920826CD1B5E00F4A772 /* AttributeView.swift */; };
		3D9A409B26C9FC180063B448 /* PillView.swift in Sources */ = {isa = PBXBuildFile; fileRef = 3D9A409A26C9FC180063B448 /* PillView.swift */; };
		3DB4A4C32711865300AA2F74 /* ErrorView.swift in Sources */ = {isa = PBXBuildFile; fileRef = 3DB4A4C22711865300AA2F74 /* ErrorView.swift */; };
		3DB4A4C527118DC900AA2F74 /* CardButtonStyle.swift in Sources */ = {isa = PBXBuildFile; fileRef = 3DB4A4C427118DC900AA2F74 /* CardButtonStyle.swift */; };
		3DB4A4C92711C5E900AA2F74 /* SortView.swift in Sources */ = {isa = PBXBuildFile; fileRef = 3DB4A4C82711C5E900AA2F74 /* SortView.swift */; };
		3DC19B3327084C8500B9530A /* PrimaryButtonStyle.swift in Sources */ = {isa = PBXBuildFile; fileRef = 3DC19B3227084C8500B9530A /* PrimaryButtonStyle.swift */; };
		3DC19B362708524800B9530A /* View+Vibration.swift in Sources */ = {isa = PBXBuildFile; fileRef = 3DC19B352708524800B9530A /* View+Vibration.swift */; };
		3DC1A27626C8B7C2005767B5 /* NFTAttributeViewModel.swift in Sources */ = {isa = PBXBuildFile; fileRef = 3DC1A27526C8B7C2005767B5 /* NFTAttributeViewModel.swift */; };
		3DCA24A626E1F1360057AFEE /* NFTCollectionSwipeViewModel.swift in Sources */ = {isa = PBXBuildFile; fileRef = 3DCA24A526E1F1360057AFEE /* NFTCollectionSwipeViewModel.swift */; };
		3DCA24A926E20E290057AFEE /* Collection+SafeUnwrap.swift in Sources */ = {isa = PBXBuildFile; fileRef = 3DCA24A826E20E290057AFEE /* Collection+SafeUnwrap.swift */; };
		3DCC503226E9FA0100425A48 /* SDWebImageSVGCoder in Frameworks */ = {isa = PBXBuildFile; productRef = 3DCC503126E9FA0100425A48 /* SDWebImageSVGCoder */; };
		3DF8939926FF1BD200B66A01 /* Wallet.swift in Sources */ = {isa = PBXBuildFile; fileRef = 3DF8939826FF1BD200B66A01 /* Wallet.swift */; };
		3DF8939B26FF1C5D00B66A01 /* User.swift in Sources */ = {isa = PBXBuildFile; fileRef = 3DF8939A26FF1C5D00B66A01 /* User.swift */; };
		3DF8939E26FF1DAD00B66A01 /* NFTFactory.swift in Sources */ = {isa = PBXBuildFile; fileRef = 3DF8939D26FF1DAD00B66A01 /* NFTFactory.swift */; };
		3DF893A026FF1EB700B66A01 /* NFTCollectionFactory.swift in Sources */ = {isa = PBXBuildFile; fileRef = 3DF8939F26FF1EB700B66A01 /* NFTCollectionFactory.swift */; };
		3DF893A226FF21B900B66A01 /* SavedNFTFactory.swift in Sources */ = {isa = PBXBuildFile; fileRef = 3DF893A126FF21B900B66A01 /* SavedNFTFactory.swift */; };
		3DF9F48926BF6D6500C23005 /* NiftyApp.swift in Sources */ = {isa = PBXBuildFile; fileRef = 3DF9F48826BF6D6500C23005 /* NiftyApp.swift */; };
		3DF9F48B26BF6D6500C23005 /* NFTListView.swift in Sources */ = {isa = PBXBuildFile; fileRef = 3DF9F48A26BF6D6500C23005 /* NFTListView.swift */; };
		3DF9F48D26BF6D6600C23005 /* Assets.xcassets in Resources */ = {isa = PBXBuildFile; fileRef = 3DF9F48C26BF6D6600C23005 /* Assets.xcassets */; };
		3DF9F49026BF6D6600C23005 /* Preview Assets.xcassets in Resources */ = {isa = PBXBuildFile; fileRef = 3DF9F48F26BF6D6600C23005 /* Preview Assets.xcassets */; };
		3DF9F49B26BF6D6600C23005 /* NiftyTests.swift in Sources */ = {isa = PBXBuildFile; fileRef = 3DF9F49A26BF6D6600C23005 /* NiftyTests.swift */; };
		3DF9F4A626BF6D6600C23005 /* NiftyUITests.swift in Sources */ = {isa = PBXBuildFile; fileRef = 3DF9F4A526BF6D6600C23005 /* NiftyUITests.swift */; };
		3DF9F4B926BF6F9D00C23005 /* Web3Repository.swift in Sources */ = {isa = PBXBuildFile; fileRef = 3DF9F4B826BF6F9D00C23005 /* Web3Repository.swift */; };
		3DF9F4CC26BFE75200C23005 /* NFTRepository.swift in Sources */ = {isa = PBXBuildFile; fileRef = 3DF9F4CB26BFE75200C23005 /* NFTRepository.swift */; };
		3DF9F4CE26C012C400C23005 /* MetadataRepository.swift in Sources */ = {isa = PBXBuildFile; fileRef = 3DF9F4CD26C012C400C23005 /* MetadataRepository.swift */; };
		3DF9F4D026C018F700C23005 /* MediaRepository.swift in Sources */ = {isa = PBXBuildFile; fileRef = 3DF9F4CF26C018F600C23005 /* MediaRepository.swift */; };
/* End PBXBuildFile section */

/* Begin PBXContainerItemProxy section */
		3DF9F49726BF6D6600C23005 /* PBXContainerItemProxy */ = {
			isa = PBXContainerItemProxy;
			containerPortal = 3DF9F47D26BF6D6500C23005 /* Project object */;
			proxyType = 1;
			remoteGlobalIDString = 3DF9F48426BF6D6500C23005;
			remoteInfo = Nifty;
		};
		3DF9F4A226BF6D6600C23005 /* PBXContainerItemProxy */ = {
			isa = PBXContainerItemProxy;
			containerPortal = 3DF9F47D26BF6D6500C23005 /* Project object */;
			proxyType = 1;
			remoteGlobalIDString = 3DF9F48426BF6D6500C23005;
			remoteInfo = Nifty;
		};
/* End PBXContainerItemProxy section */

/* Begin PBXFileReference section */
		3D0B26242712D7C90071FA68 /* LazyView.swift */ = {isa = PBXFileReference; lastKnownFileType = sourcecode.swift; path = LazyView.swift; sourceTree = "<group>"; };
		3D0F46D826C7C9820044E89A /* PlayerLoopView.swift */ = {isa = PBXFileReference; lastKnownFileType = sourcecode.swift; path = PlayerLoopView.swift; sourceTree = "<group>"; };
		3D0F46DA26C7DA250044E89A /* BottomCardView.swift */ = {isa = PBXFileReference; lastKnownFileType = sourcecode.swift; path = BottomCardView.swift; sourceTree = "<group>"; };
		3D0F46DC26C7DB4C0044E89A /* BlurView.swift */ = {isa = PBXFileReference; lastKnownFileType = sourcecode.swift; path = BlurView.swift; sourceTree = "<group>"; };
		3D1733B2272F182D00ED2291 /* Launch Screen.storyboard */ = {isa = PBXFileReference; lastKnownFileType = file.storyboard; path = "Launch Screen.storyboard"; sourceTree = "<group>"; };
		3D24A7FB26E35329004BC218 /* Colors.swift */ = {isa = PBXFileReference; lastKnownFileType = sourcecode.swift; path = Colors.swift; sourceTree = "<group>"; };
		3D24A7FD26E35364004BC218 /* TabBar.swift */ = {isa = PBXFileReference; lastKnownFileType = sourcecode.swift; path = TabBar.swift; sourceTree = "<group>"; };
		3D5EF9B826F71D0C00A3A21B /* ENSRepository.swift */ = {isa = PBXFileReference; lastKnownFileType = sourcecode.swift; path = ENSRepository.swift; sourceTree = "<group>"; };
		3D5F59E926FF4CC300C992D2 /* RoundedCornerModifier.swift */ = {isa = PBXFileReference; lastKnownFileType = sourcecode.swift; path = RoundedCornerModifier.swift; sourceTree = "<group>"; };
		3D67B8E226F25F8600EB102D /* SavedNFTListView.swift */ = {isa = PBXFileReference; lastKnownFileType = sourcecode.swift; path = SavedNFTListView.swift; sourceTree = "<group>"; };
		3D67B8E426F4BE8700EB102D /* SavedNFTListViewModel.swift */ = {isa = PBXFileReference; lastKnownFileType = sourcecode.swift; path = SavedNFTListViewModel.swift; sourceTree = "<group>"; };
		3D67B8E626F4BEAD00EB102D /* SavedNFTViewModel.swift */ = {isa = PBXFileReference; lastKnownFileType = sourcecode.swift; path = SavedNFTViewModel.swift; sourceTree = "<group>"; };
		3D700A3A26DCF626008F0A96 /* OpenSeaRepository.swift */ = {isa = PBXFileReference; lastKnownFileType = sourcecode.swift; path = OpenSeaRepository.swift; sourceTree = "<group>"; };
		3D700A3F26DE560E008F0A96 /* SVGImageView.swift */ = {isa = PBXFileReference; lastKnownFileType = sourcecode.swift; path = SVGImageView.swift; sourceTree = "<group>"; };
		3D76414826C0C5C30063B043 /* NFTListViewModel.swift */ = {isa = PBXFileReference; lastKnownFileType = sourcecode.swift; path = NFTListViewModel.swift; sourceTree = "<group>"; };
		3D773FE826E0BE5600BEA63F /* NFTCollection.swift */ = {isa = PBXFileReference; lastKnownFileType = sourcecode.swift; path = NFTCollection.swift; sourceTree = "<group>"; };
		3D773FEA26E0C4F700BEA63F /* NFTCollectionListViewModel.swift */ = {isa = PBXFileReference; lastKnownFileType = sourcecode.swift; path = NFTCollectionListViewModel.swift; sourceTree = "<group>"; };
		3D773FEC26E0C6AE00BEA63F /* NFTCollectionViewModel.swift */ = {isa = PBXFileReference; lastKnownFileType = sourcecode.swift; path = NFTCollectionViewModel.swift; sourceTree = "<group>"; };
		3D773FEE26E0C91A00BEA63F /* NFTCollectionListView.swift */ = {isa = PBXFileReference; lastKnownFileType = sourcecode.swift; path = NFTCollectionListView.swift; sourceTree = "<group>"; };
		3D773FF026E0D51B00BEA63F /* NFTCollectionView.swift */ = {isa = PBXFileReference; lastKnownFileType = sourcecode.swift; path = NFTCollectionView.swift; sourceTree = "<group>"; };
		3D773FF526E0DF3900BEA63F /* NFTCollectionSwipeView.swift */ = {isa = PBXFileReference; lastKnownFileType = sourcecode.swift; path = NFTCollectionSwipeView.swift; sourceTree = "<group>"; };
		3D773FF826E0E06800BEA63F /* CardModifier.swift */ = {isa = PBXFileReference; lastKnownFileType = sourcecode.swift; path = CardModifier.swift; sourceTree = "<group>"; };
		3D79057D2709A68B0025E681 /* HideTabbarOnScrollViewModifier.swift */ = {isa = PBXFileReference; lastKnownFileType = sourcecode.swift; path = HideTabbarOnScrollViewModifier.swift; sourceTree = "<group>"; };
		3D797A9026F732BC0036194A /* Web3Utils.swift */ = {isa = PBXFileReference; lastKnownFileType = sourcecode.swift; path = Web3Utils.swift; sourceTree = "<group>"; };
		3D797A9526F7AECD0036194A /* EthAddress.swift */ = {isa = PBXFileReference; lastKnownFileType = sourcecode.swift; path = EthAddress.swift; sourceTree = "<group>"; };
		3D797A9726F7B0B70036194A /* NewWalletViewModel.swift */ = {isa = PBXFileReference; lastKnownFileType = sourcecode.swift; path = NewWalletViewModel.swift; sourceTree = "<group>"; };
		3D86BEF826C4B10900BF2FB0 /* NFT.swift */ = {isa = PBXFileReference; lastKnownFileType = sourcecode.swift; path = NFT.swift; sourceTree = "<group>"; };
		3D86BEFC26C4B6B800BF2FB0 /* NFTView.swift */ = {isa = PBXFileReference; lastKnownFileType = sourcecode.swift; path = NFTView.swift; sourceTree = "<group>"; };
		3D86BF0026C4F76200BF2FB0 /* NetworkClient.swift */ = {isa = PBXFileReference; lastKnownFileType = sourcecode.swift; path = NetworkClient.swift; sourceTree = "<group>"; };
		3D86BF0226C4F7A400BF2FB0 /* DownloadTask.swift */ = {isa = PBXFileReference; lastKnownFileType = sourcecode.swift; path = DownloadTask.swift; sourceTree = "<group>"; };
		3D86BF0626C4F7E000BF2FB0 /* ERC721Metadata.swift */ = {isa = PBXFileReference; lastKnownFileType = sourcecode.swift; path = ERC721Metadata.swift; sourceTree = "<group>"; };
		3D86BF0826C4F80400BF2FB0 /* Media.swift */ = {isa = PBXFileReference; lastKnownFileType = sourcecode.swift; path = Media.swift; sourceTree = "<group>"; };
		3D86BF0B26C4F8E300BF2FB0 /* MediaViewModel.swift */ = {isa = PBXFileReference; lastKnownFileType = sourcecode.swift; path = MediaViewModel.swift; sourceTree = "<group>"; };
		3D86BF0D26C4F8F300BF2FB0 /* NFTViewModel.swift */ = {isa = PBXFileReference; lastKnownFileType = sourcecode.swift; path = NFTViewModel.swift; sourceTree = "<group>"; };
		3D86BF1026C4FB9300BF2FB0 /* Constants.swift */ = {isa = PBXFileReference; lastKnownFileType = sourcecode.swift; path = Constants.swift; sourceTree = "<group>"; };
		3D86BF1226C500E800BF2FB0 /* URLParser.swift */ = {isa = PBXFileReference; lastKnownFileType = sourcecode.swift; path = URLParser.swift; sourceTree = "<group>"; };
		3D86BF1826C51DBF00BF2FB0 /* UserCache.swift */ = {isa = PBXFileReference; lastKnownFileType = sourcecode.swift; path = UserCache.swift; sourceTree = "<group>"; };
		3D8F0D4526CDDED9006ABEB4 /* MultilineHStack.swift */ = {isa = PBXFileReference; lastKnownFileType = sourcecode.swift; path = MultilineHStack.swift; sourceTree = "<group>"; };
		3D8F0D4726CDE3F2006ABEB4 /* Title.swift */ = {isa = PBXFileReference; lastKnownFileType = sourcecode.swift; path = Title.swift; sourceTree = "<group>"; };
		3D8F0D4A26CF3BFE006ABEB4 /* Image.swift */ = {isa = PBXFileReference; lastKnownFileType = sourcecode.swift; path = Image.swift; sourceTree = "<group>"; };
		3D8F0D4C26CF3FFE006ABEB4 /* ShareView.swift */ = {isa = PBXFileReference; lastKnownFileType = sourcecode.swift; path = ShareView.swift; sourceTree = "<group>"; };
		3D8F0D4E26D2555F006ABEB4 /* ZoomableScrollView.swift */ = {isa = PBXFileReference; lastKnownFileType = sourcecode.swift; path = ZoomableScrollView.swift; sourceTree = "<group>"; };
		3D8F0D5026D27A13006ABEB4 /* View+ViewModifiers.swift */ = {isa = PBXFileReference; lastKnownFileType = sourcecode.swift; path = "View+ViewModifiers.swift"; sourceTree = "<group>"; };
		3D8F0D5226D27A9B006ABEB4 /* NewWalletView.swift */ = {isa = PBXFileReference; lastKnownFileType = sourcecode.swift; path = NewWalletView.swift; sourceTree = "<group>"; };
		3D8F0D5426D2867D006ABEB4 /* AddWalletButton.swift */ = {isa = PBXFileReference; lastKnownFileType = sourcecode.swift; path = AddWalletButton.swift; sourceTree = "<group>"; };
		3D8F0D5626D28686006ABEB4 /* AppTextField.swift */ = {isa = PBXFileReference; lastKnownFileType = sourcecode.swift; path = AppTextField.swift; sourceTree = "<group>"; };
		3D8FBF7C26F2508E0051B8B8 /* BackButtonView.swift */ = {isa = PBXFileReference; lastKnownFileType = sourcecode.swift; path = BackButtonView.swift; sourceTree = "<group>"; };
		3D8FBF7E26F256F10051B8B8 /* NFTPersistenceStore.swift */ = {isa = PBXFileReference; lastKnownFileType = sourcecode.swift; path = NFTPersistenceStore.swift; sourceTree = "<group>"; };
		3D8FBF8126F257CC0051B8B8 /* NFTs.xcdatamodel */ = {isa = PBXFileReference; lastKnownFileType = wrapper.xcdatamodel; path = NFTs.xcdatamodel; sourceTree = "<group>"; };
		3D92920826CD1B5E00F4A772 /* AttributeView.swift */ = {isa = PBXFileReference; lastKnownFileType = sourcecode.swift; path = AttributeView.swift; sourceTree = "<group>"; };
		3D9A409A26C9FC180063B448 /* PillView.swift */ = {isa = PBXFileReference; lastKnownFileType = sourcecode.swift; path = PillView.swift; sourceTree = "<group>"; };
		3DB4A4C22711865300AA2F74 /* ErrorView.swift */ = {isa = PBXFileReference; lastKnownFileType = sourcecode.swift; path = ErrorView.swift; sourceTree = "<group>"; };
		3DB4A4C427118DC900AA2F74 /* CardButtonStyle.swift */ = {isa = PBXFileReference; lastKnownFileType = sourcecode.swift; path = CardButtonStyle.swift; sourceTree = "<group>"; };
		3DB4A4C82711C5E900AA2F74 /* SortView.swift */ = {isa = PBXFileReference; lastKnownFileType = sourcecode.swift; path = SortView.swift; sourceTree = "<group>"; };
		3DC19B3227084C8500B9530A /* PrimaryButtonStyle.swift */ = {isa = PBXFileReference; lastKnownFileType = sourcecode.swift; path = PrimaryButtonStyle.swift; sourceTree = "<group>"; };
		3DC19B352708524800B9530A /* View+Vibration.swift */ = {isa = PBXFileReference; lastKnownFileType = sourcecode.swift; path = "View+Vibration.swift"; sourceTree = "<group>"; };
		3DC1A27526C8B7C2005767B5 /* NFTAttributeViewModel.swift */ = {isa = PBXFileReference; lastKnownFileType = sourcecode.swift; path = NFTAttributeViewModel.swift; sourceTree = "<group>"; };
		3DCA24A526E1F1360057AFEE /* NFTCollectionSwipeViewModel.swift */ = {isa = PBXFileReference; lastKnownFileType = sourcecode.swift; path = NFTCollectionSwipeViewModel.swift; sourceTree = "<group>"; };
		3DCA24A826E20E290057AFEE /* Collection+SafeUnwrap.swift */ = {isa = PBXFileReference; lastKnownFileType = sourcecode.swift; path = "Collection+SafeUnwrap.swift"; sourceTree = "<group>"; };
		3DF8939826FF1BD200B66A01 /* Wallet.swift */ = {isa = PBXFileReference; lastKnownFileType = sourcecode.swift; path = Wallet.swift; sourceTree = "<group>"; };
		3DF8939A26FF1C5D00B66A01 /* User.swift */ = {isa = PBXFileReference; lastKnownFileType = sourcecode.swift; path = User.swift; sourceTree = "<group>"; };
		3DF8939D26FF1DAD00B66A01 /* NFTFactory.swift */ = {isa = PBXFileReference; lastKnownFileType = sourcecode.swift; path = NFTFactory.swift; sourceTree = "<group>"; };
		3DF8939F26FF1EB700B66A01 /* NFTCollectionFactory.swift */ = {isa = PBXFileReference; lastKnownFileType = sourcecode.swift; path = NFTCollectionFactory.swift; sourceTree = "<group>"; };
		3DF893A126FF21B900B66A01 /* SavedNFTFactory.swift */ = {isa = PBXFileReference; lastKnownFileType = sourcecode.swift; path = SavedNFTFactory.swift; sourceTree = "<group>"; };
		3DF9F48526BF6D6500C23005 /* Nifty.app */ = {isa = PBXFileReference; explicitFileType = wrapper.application; includeInIndex = 0; path = Nifty.app; sourceTree = BUILT_PRODUCTS_DIR; };
		3DF9F48826BF6D6500C23005 /* NiftyApp.swift */ = {isa = PBXFileReference; lastKnownFileType = sourcecode.swift; path = NiftyApp.swift; sourceTree = "<group>"; };
		3DF9F48A26BF6D6500C23005 /* NFTListView.swift */ = {isa = PBXFileReference; lastKnownFileType = sourcecode.swift; path = NFTListView.swift; sourceTree = "<group>"; };
		3DF9F48C26BF6D6600C23005 /* Assets.xcassets */ = {isa = PBXFileReference; lastKnownFileType = folder.assetcatalog; path = Assets.xcassets; sourceTree = "<group>"; };
		3DF9F48F26BF6D6600C23005 /* Preview Assets.xcassets */ = {isa = PBXFileReference; lastKnownFileType = folder.assetcatalog; path = "Preview Assets.xcassets"; sourceTree = "<group>"; };
		3DF9F49126BF6D6600C23005 /* Info.plist */ = {isa = PBXFileReference; lastKnownFileType = text.plist.xml; path = Info.plist; sourceTree = "<group>"; };
		3DF9F49626BF6D6600C23005 /* NiftyTests.xctest */ = {isa = PBXFileReference; explicitFileType = wrapper.cfbundle; includeInIndex = 0; path = NiftyTests.xctest; sourceTree = BUILT_PRODUCTS_DIR; };
		3DF9F49A26BF6D6600C23005 /* NiftyTests.swift */ = {isa = PBXFileReference; lastKnownFileType = sourcecode.swift; path = NiftyTests.swift; sourceTree = "<group>"; };
		3DF9F49C26BF6D6600C23005 /* Info.plist */ = {isa = PBXFileReference; lastKnownFileType = text.plist.xml; path = Info.plist; sourceTree = "<group>"; };
		3DF9F4A126BF6D6600C23005 /* NiftyUITests.xctest */ = {isa = PBXFileReference; explicitFileType = wrapper.cfbundle; includeInIndex = 0; path = NiftyUITests.xctest; sourceTree = BUILT_PRODUCTS_DIR; };
		3DF9F4A526BF6D6600C23005 /* NiftyUITests.swift */ = {isa = PBXFileReference; lastKnownFileType = sourcecode.swift; path = NiftyUITests.swift; sourceTree = "<group>"; };
		3DF9F4A726BF6D6600C23005 /* Info.plist */ = {isa = PBXFileReference; lastKnownFileType = text.plist.xml; path = Info.plist; sourceTree = "<group>"; };
		3DF9F4B826BF6F9D00C23005 /* Web3Repository.swift */ = {isa = PBXFileReference; lastKnownFileType = sourcecode.swift; path = Web3Repository.swift; sourceTree = "<group>"; };
		3DF9F4CB26BFE75200C23005 /* NFTRepository.swift */ = {isa = PBXFileReference; lastKnownFileType = sourcecode.swift; path = NFTRepository.swift; sourceTree = "<group>"; };
		3DF9F4CD26C012C400C23005 /* MetadataRepository.swift */ = {isa = PBXFileReference; lastKnownFileType = sourcecode.swift; path = MetadataRepository.swift; sourceTree = "<group>"; };
		3DF9F4CF26C018F600C23005 /* MediaRepository.swift */ = {isa = PBXFileReference; lastKnownFileType = sourcecode.swift; path = MediaRepository.swift; sourceTree = "<group>"; };
/* End PBXFileReference section */

/* Begin PBXFrameworksBuildPhase section */
		3DF9F48226BF6D6500C23005 /* Frameworks */ = {
			isa = PBXFrameworksBuildPhase;
			buildActionMask = 2147483647;
			files = (
				3D773FF426E0DCE800BEA63F /* SDWebImageSwiftUI in Frameworks */,
				3D86BF1626C50BA900BF2FB0 /* SkeletonUI in Frameworks */,
				3DCC503226E9FA0100425A48 /* SDWebImageSVGCoder in Frameworks */,
				3D5F59DF26FF3E1B00C992D2 /* SDWebImageVideoCoder in Frameworks */,
				3D5EF9B726F71CDD00A3A21B /* web3.swift in Frameworks */,
				3D700A3E26DE5600008F0A96 /* SVGKit in Frameworks */,
				3D5F59E226FF3FC600C992D2 /* SDWebImageWebPCoder in Frameworks */,
				3D797A9426F7AD980036194A /* CryptoSwift in Frameworks */,
			);
			runOnlyForDeploymentPostprocessing = 0;
		};
		3DF9F49326BF6D6600C23005 /* Frameworks */ = {
			isa = PBXFrameworksBuildPhase;
			buildActionMask = 2147483647;
			files = (
			);
			runOnlyForDeploymentPostprocessing = 0;
		};
		3DF9F49E26BF6D6600C23005 /* Frameworks */ = {
			isa = PBXFrameworksBuildPhase;
			buildActionMask = 2147483647;
			files = (
			);
			runOnlyForDeploymentPostprocessing = 0;
		};
/* End PBXFrameworksBuildPhase section */

/* Begin PBXGroup section */
		3D773FF726E0E05500BEA63F /* Modifiers */ = {
			isa = PBXGroup;
			children = (
				3DB4A4C427118DC900AA2F74 /* CardButtonStyle.swift */,
				3D773FF826E0E06800BEA63F /* CardModifier.swift */,
				3D79057D2709A68B0025E681 /* HideTabbarOnScrollViewModifier.swift */,
				3DC19B3227084C8500B9530A /* PrimaryButtonStyle.swift */,
				3D8F0D5026D27A13006ABEB4 /* View+ViewModifiers.swift */,
				3D5F59E926FF4CC300C992D2 /* RoundedCornerModifier.swift */,
			);
			path = Modifiers;
			sourceTree = "<group>";
		};
		3D86BEFE26C4F6D100BF2FB0 /* Repositories */ = {
			isa = PBXGroup;
			children = (
				3D5EF9B826F71D0C00A3A21B /* ENSRepository.swift */,
				3DF9F4B826BF6F9D00C23005 /* Web3Repository.swift */,
				3DF9F4CB26BFE75200C23005 /* NFTRepository.swift */,
				3DF9F4CD26C012C400C23005 /* MetadataRepository.swift */,
				3DF9F4CF26C018F600C23005 /* MediaRepository.swift */,
				3D700A3A26DCF626008F0A96 /* OpenSeaRepository.swift */,
			);
			path = Repositories;
			sourceTree = "<group>";
		};
		3D86BEFF26C4F74900BF2FB0 /* Networking */ = {
			isa = PBXGroup;
			children = (
				3D86BF0026C4F76200BF2FB0 /* NetworkClient.swift */,
				3D86BF0226C4F7A400BF2FB0 /* DownloadTask.swift */,
			);
			path = Networking;
			sourceTree = "<group>";
		};
		3D86BF0426C4F7C500BF2FB0 /* ViewModels */ = {
			isa = PBXGroup;
			children = (
				3DC1A27526C8B7C2005767B5 /* NFTAttributeViewModel.swift */,
				3D773FEA26E0C4F700BEA63F /* NFTCollectionListViewModel.swift */,
				3D773FEC26E0C6AE00BEA63F /* NFTCollectionViewModel.swift */,
				3DCA24A526E1F1360057AFEE /* NFTCollectionSwipeViewModel.swift */,
				3D76414826C0C5C30063B043 /* NFTListViewModel.swift */,
				3D86BF0D26C4F8F300BF2FB0 /* NFTViewModel.swift */,
				3D86BF0B26C4F8E300BF2FB0 /* MediaViewModel.swift */,
				3D797A9726F7B0B70036194A /* NewWalletViewModel.swift */,
				3D67B8E426F4BE8700EB102D /* SavedNFTListViewModel.swift */,
				3D67B8E626F4BEAD00EB102D /* SavedNFTViewModel.swift */,
			);
			path = ViewModels;
			sourceTree = "<group>";
		};
		3D86BF0526C4F7CB00BF2FB0 /* Models */ = {
			isa = PBXGroup;
			children = (
				3D86BEF826C4B10900BF2FB0 /* NFT.swift */,
				3D773FE826E0BE5600BEA63F /* NFTCollection.swift */,
				3D86BF0826C4F80400BF2FB0 /* Media.swift */,
				3D86BF0626C4F7E000BF2FB0 /* ERC721Metadata.swift */,
				3DF8939826FF1BD200B66A01 /* Wallet.swift */,
				3DF8939A26FF1C5D00B66A01 /* User.swift */,
			);
			path = Models;
			sourceTree = "<group>";
		};
		3D86BF0A26C4F85500BF2FB0 /* Views */ = {
			isa = PBXGroup;
			children = (
				3D773FEE26E0C91A00BEA63F /* NFTCollectionListView.swift */,
				3D773FF026E0D51B00BEA63F /* NFTCollectionView.swift */,
				3D773FF526E0DF3900BEA63F /* NFTCollectionSwipeView.swift */,
				3DF9F48A26BF6D6500C23005 /* NFTListView.swift */,
				3D86BEFC26C4B6B800BF2FB0 /* NFTView.swift */,
				3D8F0D5226D27A9B006ABEB4 /* NewWalletView.swift */,
				3D24A7FD26E35364004BC218 /* TabBar.swift */,
				3D67B8E226F25F8600EB102D /* SavedNFTListView.swift */,
				3DC19B342708523400B9530A /* Extensions */,
				3DF8939C26FF1D8E00B66A01 /* Factories */,
				3D773FF726E0E05500BEA63F /* Modifiers */,
				3D8FBF7B26F2507C0051B8B8 /* Shared */,
				3D8F0D4926CF3BED006ABEB4 /* Styles */,
				3DF9F48E26BF6D6600C23005 /* Preview Content */,
				3D1733B2272F182D00ED2291 /* Launch Screen.storyboard */,
			);
			path = Views;
			sourceTree = "<group>";
		};
		3D86BF0F26C4FB8300BF2FB0 /* Utils */ = {
			isa = PBXGroup;
			children = (
				3D86BF1026C4FB9300BF2FB0 /* Constants.swift */,
				3D86BF1226C500E800BF2FB0 /* URLParser.swift */,
				3D797A9026F732BC0036194A /* Web3Utils.swift */,
				3D797A9526F7AECD0036194A /* EthAddress.swift */,
				3DCA24A726E20E1C0057AFEE /* Extensions */,
			);
			path = Utils;
			sourceTree = "<group>";
		};
		3D86BF1726C51DB100BF2FB0 /* Persistence */ = {
			isa = PBXGroup;
			children = (
				3D86BF1826C51DBF00BF2FB0 /* UserCache.swift */,
				3D8FBF7E26F256F10051B8B8 /* NFTPersistenceStore.swift */,
				3D8FBF8026F257CC0051B8B8 /* NFTs.xcdatamodeld */,
			);
			path = Persistence;
			sourceTree = "<group>";
		};
		3D8F0D4926CF3BED006ABEB4 /* Styles */ = {
			isa = PBXGroup;
			children = (
				3D8F0D4A26CF3BFE006ABEB4 /* Image.swift */,
				3D24A7FB26E35329004BC218 /* Colors.swift */,
			);
			path = Styles;
			sourceTree = "<group>";
		};
		3D8FBF7B26F2507C0051B8B8 /* Shared */ = {
			isa = PBXGroup;
			children = (
				3D8F0D5426D2867D006ABEB4 /* AddWalletButton.swift */,
				3D8F0D5626D28686006ABEB4 /* AppTextField.swift */,
				3D92920826CD1B5E00F4A772 /* AttributeView.swift */,
				3D8FBF7C26F2508E0051B8B8 /* BackButtonView.swift */,
				3D0F46DA26C7DA250044E89A /* BottomCardView.swift */,
				3D0F46DC26C7DB4C0044E89A /* BlurView.swift */,
				3DB4A4C22711865300AA2F74 /* ErrorView.swift */,
				3D8F0D4526CDDED9006ABEB4 /* MultilineHStack.swift */,
				3D9A409A26C9FC180063B448 /* PillView.swift */,
				3D0F46D826C7C9820044E89A /* PlayerLoopView.swift */,
				3D8F0D4C26CF3FFE006ABEB4 /* ShareView.swift */,
				3DB4A4C82711C5E900AA2F74 /* SortView.swift */,
				3D700A3F26DE560E008F0A96 /* SVGImageView.swift */,
				3D8F0D4726CDE3F2006ABEB4 /* Title.swift */,
				3D8F0D4E26D2555F006ABEB4 /* ZoomableScrollView.swift */,
				3D0B26242712D7C90071FA68 /* LazyView.swift */,
			);
			path = Shared;
			sourceTree = "<group>";
		};
		3DC19B342708523400B9530A /* Extensions */ = {
			isa = PBXGroup;
			children = (
				3DC19B352708524800B9530A /* View+Vibration.swift */,
			);
			path = Extensions;
			sourceTree = "<group>";
		};
		3DCA24A726E20E1C0057AFEE /* Extensions */ = {
			isa = PBXGroup;
			children = (
				3DCA24A826E20E290057AFEE /* Collection+SafeUnwrap.swift */,
			);
			path = Extensions;
			sourceTree = "<group>";
		};
		3DF8939C26FF1D8E00B66A01 /* Factories */ = {
			isa = PBXGroup;
			children = (
				3DF8939D26FF1DAD00B66A01 /* NFTFactory.swift */,
				3DF8939F26FF1EB700B66A01 /* NFTCollectionFactory.swift */,
				3DF893A126FF21B900B66A01 /* SavedNFTFactory.swift */,
			);
			path = Factories;
			sourceTree = "<group>";
		};
		3DF9F47C26BF6D6500C23005 = {
			isa = PBXGroup;
			children = (
				3DF9F48726BF6D6500C23005 /* Nifty */,
				3DF9F49926BF6D6600C23005 /* NiftyTests */,
				3DF9F4A426BF6D6600C23005 /* NiftyUITests */,
				3DF9F48626BF6D6500C23005 /* Products */,
			);
			sourceTree = "<group>";
		};
		3DF9F48626BF6D6500C23005 /* Products */ = {
			isa = PBXGroup;
			children = (
				3DF9F48526BF6D6500C23005 /* Nifty.app */,
				3DF9F49626BF6D6600C23005 /* NiftyTests.xctest */,
				3DF9F4A126BF6D6600C23005 /* NiftyUITests.xctest */,
			);
			name = Products;
			sourceTree = "<group>";
		};
		3DF9F48726BF6D6500C23005 /* Nifty */ = {
			isa = PBXGroup;
			children = (
				3DF9F48826BF6D6500C23005 /* NiftyApp.swift */,
				3DF9F48C26BF6D6600C23005 /* Assets.xcassets */,
				3DF9F49126BF6D6600C23005 /* Info.plist */,
				3D86BF0A26C4F85500BF2FB0 /* Views */,
				3D86BF0426C4F7C500BF2FB0 /* ViewModels */,
				3D86BF0526C4F7CB00BF2FB0 /* Models */,
				3D86BEFF26C4F74900BF2FB0 /* Networking */,
				3D86BF1726C51DB100BF2FB0 /* Persistence */,
				3D86BEFE26C4F6D100BF2FB0 /* Repositories */,
				3D86BF0F26C4FB8300BF2FB0 /* Utils */,
			);
			path = Nifty;
			sourceTree = "<group>";
		};
		3DF9F48E26BF6D6600C23005 /* Preview Content */ = {
			isa = PBXGroup;
			children = (
				3DF9F48F26BF6D6600C23005 /* Preview Assets.xcassets */,
			);
			path = "Preview Content";
			sourceTree = "<group>";
		};
		3DF9F49926BF6D6600C23005 /* NiftyTests */ = {
			isa = PBXGroup;
			children = (
				3DF9F49A26BF6D6600C23005 /* NiftyTests.swift */,
				3DF9F49C26BF6D6600C23005 /* Info.plist */,
			);
			path = NiftyTests;
			sourceTree = "<group>";
		};
		3DF9F4A426BF6D6600C23005 /* NiftyUITests */ = {
			isa = PBXGroup;
			children = (
				3DF9F4A526BF6D6600C23005 /* NiftyUITests.swift */,
				3DF9F4A726BF6D6600C23005 /* Info.plist */,
			);
			path = NiftyUITests;
			sourceTree = "<group>";
		};
/* End PBXGroup section */

/* Begin PBXNativeTarget section */
		3DF9F48426BF6D6500C23005 /* Nifty */ = {
			isa = PBXNativeTarget;
			buildConfigurationList = 3DF9F4AA26BF6D6600C23005 /* Build configuration list for PBXNativeTarget "Nifty" */;
			buildPhases = (
				3DF9F48126BF6D6500C23005 /* Sources */,
				3DF9F48226BF6D6500C23005 /* Frameworks */,
				3DF9F48326BF6D6500C23005 /* Resources */,
			);
			buildRules = (
			);
			dependencies = (
			);
			name = Nifty;
			packageProductDependencies = (
				3D86BF1526C50BA900BF2FB0 /* SkeletonUI */,
				3D700A3D26DE5600008F0A96 /* SVGKit */,
				3D773FF326E0DCE800BEA63F /* SDWebImageSwiftUI */,
				3DCC503126E9FA0100425A48 /* SDWebImageSVGCoder */,
				3D5EF9B626F71CDD00A3A21B /* web3.swift */,
				3D797A9326F7AD980036194A /* CryptoSwift */,
				3D5F59DE26FF3E1B00C992D2 /* SDWebImageVideoCoder */,
				3D5F59E126FF3FC600C992D2 /* SDWebImageWebPCoder */,
			);
			productName = Nifty;
			productReference = 3DF9F48526BF6D6500C23005 /* Nifty.app */;
			productType = "com.apple.product-type.application";
		};
		3DF9F49526BF6D6600C23005 /* NiftyTests */ = {
			isa = PBXNativeTarget;
			buildConfigurationList = 3DF9F4AD26BF6D6600C23005 /* Build configuration list for PBXNativeTarget "NiftyTests" */;
			buildPhases = (
				3DF9F49226BF6D6600C23005 /* Sources */,
				3DF9F49326BF6D6600C23005 /* Frameworks */,
				3DF9F49426BF6D6600C23005 /* Resources */,
			);
			buildRules = (
			);
			dependencies = (
				3DF9F49826BF6D6600C23005 /* PBXTargetDependency */,
			);
			name = NiftyTests;
			productName = NiftyTests;
			productReference = 3DF9F49626BF6D6600C23005 /* NiftyTests.xctest */;
			productType = "com.apple.product-type.bundle.unit-test";
		};
		3DF9F4A026BF6D6600C23005 /* NiftyUITests */ = {
			isa = PBXNativeTarget;
			buildConfigurationList = 3DF9F4B026BF6D6600C23005 /* Build configuration list for PBXNativeTarget "NiftyUITests" */;
			buildPhases = (
				3DF9F49D26BF6D6600C23005 /* Sources */,
				3DF9F49E26BF6D6600C23005 /* Frameworks */,
				3DF9F49F26BF6D6600C23005 /* Resources */,
			);
			buildRules = (
			);
			dependencies = (
				3DF9F4A326BF6D6600C23005 /* PBXTargetDependency */,
			);
			name = NiftyUITests;
			productName = NiftyUITests;
			productReference = 3DF9F4A126BF6D6600C23005 /* NiftyUITests.xctest */;
			productType = "com.apple.product-type.bundle.ui-testing";
		};
/* End PBXNativeTarget section */

/* Begin PBXProject section */
		3DF9F47D26BF6D6500C23005 /* Project object */ = {
			isa = PBXProject;
			attributes = {
				LastSwiftUpdateCheck = 1250;
				LastUpgradeCheck = 1250;
				TargetAttributes = {
					3DF9F48426BF6D6500C23005 = {
						CreatedOnToolsVersion = 12.5.1;
					};
					3DF9F49526BF6D6600C23005 = {
						CreatedOnToolsVersion = 12.5.1;
						TestTargetID = 3DF9F48426BF6D6500C23005;
					};
					3DF9F4A026BF6D6600C23005 = {
						CreatedOnToolsVersion = 12.5.1;
						TestTargetID = 3DF9F48426BF6D6500C23005;
					};
				};
			};
			buildConfigurationList = 3DF9F48026BF6D6500C23005 /* Build configuration list for PBXProject "Nifty" */;
			compatibilityVersion = "Xcode 9.3";
			developmentRegion = en;
			hasScannedForEncodings = 0;
			knownRegions = (
				en,
				Base,
			);
			mainGroup = 3DF9F47C26BF6D6500C23005;
			packageReferences = (
				3D86BF1426C50BA900BF2FB0 /* XCRemoteSwiftPackageReference "SkeletonUI" */,
				3D700A3C26DE5600008F0A96 /* XCRemoteSwiftPackageReference "SVGKit" */,
				3D773FF226E0DCE800BEA63F /* XCRemoteSwiftPackageReference "SDWebImageSwiftUI" */,
				3DCC503026E9FA0100425A48 /* XCRemoteSwiftPackageReference "SDWebImageSVGCoder" */,
				3D5EF9B526F71CDD00A3A21B /* XCRemoteSwiftPackageReference "web3.swift" */,
				3D797A9226F7AD980036194A /* XCRemoteSwiftPackageReference "CryptoSwift" */,
				3D5F59DD26FF3E1A00C992D2 /* XCRemoteSwiftPackageReference "SDWebImageVideoCoder" */,
				3D5F59E026FF3FC600C992D2 /* XCRemoteSwiftPackageReference "SDWebImageWebPCoder" */,
			);
			productRefGroup = 3DF9F48626BF6D6500C23005 /* Products */;
			projectDirPath = "";
			projectRoot = "";
			targets = (
				3DF9F48426BF6D6500C23005 /* Nifty */,
				3DF9F49526BF6D6600C23005 /* NiftyTests */,
				3DF9F4A026BF6D6600C23005 /* NiftyUITests */,
			);
		};
/* End PBXProject section */

/* Begin PBXResourcesBuildPhase section */
		3DF9F48326BF6D6500C23005 /* Resources */ = {
			isa = PBXResourcesBuildPhase;
			buildActionMask = 2147483647;
			files = (
				3D1733B3272F182D00ED2291 /* Launch Screen.storyboard in Resources */,
				3DF9F49026BF6D6600C23005 /* Preview Assets.xcassets in Resources */,
				3DF9F48D26BF6D6600C23005 /* Assets.xcassets in Resources */,
			);
			runOnlyForDeploymentPostprocessing = 0;
		};
		3DF9F49426BF6D6600C23005 /* Resources */ = {
			isa = PBXResourcesBuildPhase;
			buildActionMask = 2147483647;
			files = (
			);
			runOnlyForDeploymentPostprocessing = 0;
		};
		3DF9F49F26BF6D6600C23005 /* Resources */ = {
			isa = PBXResourcesBuildPhase;
			buildActionMask = 2147483647;
			files = (
			);
			runOnlyForDeploymentPostprocessing = 0;
		};
/* End PBXResourcesBuildPhase section */

/* Begin PBXSourcesBuildPhase section */
		3DF9F48126BF6D6500C23005 /* Sources */ = {
			isa = PBXSourcesBuildPhase;
			buildActionMask = 2147483647;
			files = (
				3DC19B3327084C8500B9530A /* PrimaryButtonStyle.swift in Sources */,
				3D5EF9B926F71D0C00A3A21B /* ENSRepository.swift in Sources */,
				3D86BEFD26C4B6B800BF2FB0 /* NFTView.swift in Sources */,
				3D24A7FC26E35329004BC218 /* Colors.swift in Sources */,
				3D67B8E326F25F8600EB102D /* SavedNFTListView.swift in Sources */,
				3D8F0D4B26CF3BFE006ABEB4 /* Image.swift in Sources */,
				3D0F46DB26C7DA250044E89A /* BottomCardView.swift in Sources */,
				3D86BF1926C51DBF00BF2FB0 /* UserCache.swift in Sources */,
				3D86BF0126C4F76200BF2FB0 /* NetworkClient.swift in Sources */,
				3DCA24A626E1F1360057AFEE /* NFTCollectionSwipeViewModel.swift in Sources */,
				3D773FEF26E0C91A00BEA63F /* NFTCollectionListView.swift in Sources */,
				3D797A9626F7AECD0036194A /* EthAddress.swift in Sources */,
				3DF8939E26FF1DAD00B66A01 /* NFTFactory.swift in Sources */,
				3DF9F4CE26C012C400C23005 /* MetadataRepository.swift in Sources */,
				3D8F0D5126D27A13006ABEB4 /* View+ViewModifiers.swift in Sources */,
				3D86BF0C26C4F8E300BF2FB0 /* MediaViewModel.swift in Sources */,
				3D86BF1326C500E800BF2FB0 /* URLParser.swift in Sources */,
				3D8F0D5326D27A9B006ABEB4 /* NewWalletView.swift in Sources */,
				3D773FE926E0BE5600BEA63F /* NFTCollection.swift in Sources */,
				3DCA24A926E20E290057AFEE /* Collection+SafeUnwrap.swift in Sources */,
				3DF9F4D026C018F700C23005 /* MediaRepository.swift in Sources */,
				3D8F0D5726D28686006ABEB4 /* AppTextField.swift in Sources */,
				3D0F46DD26C7DB4C0044E89A /* BlurView.swift in Sources */,
				3DF9F48B26BF6D6500C23005 /* NFTListView.swift in Sources */,
				3D8FBF7F26F256F10051B8B8 /* NFTPersistenceStore.swift in Sources */,
				3D79057E2709A68B0025E681 /* HideTabbarOnScrollViewModifier.swift in Sources */,
				3D86BEF926C4B10900BF2FB0 /* NFT.swift in Sources */,
				3D9A409B26C9FC180063B448 /* PillView.swift in Sources */,
				3DF8939B26FF1C5D00B66A01 /* User.swift in Sources */,
				3D86BF1126C4FB9300BF2FB0 /* Constants.swift in Sources */,
				3D8F0D4626CDDED9006ABEB4 /* MultilineHStack.swift in Sources */,
				3D8FBF7D26F2508E0051B8B8 /* BackButtonView.swift in Sources */,
				3D773FEB26E0C4F700BEA63F /* NFTCollectionListViewModel.swift in Sources */,
				3D92920926CD1B5E00F4A772 /* AttributeView.swift in Sources */,
				3D700A3B26DCF626008F0A96 /* OpenSeaRepository.swift in Sources */,
				3DF9F4CC26BFE75200C23005 /* NFTRepository.swift in Sources */,
				3DC19B362708524800B9530A /* View+Vibration.swift in Sources */,
				3D86BF0326C4F7A400BF2FB0 /* DownloadTask.swift in Sources */,
				3D773FF126E0D51B00BEA63F /* NFTCollectionView.swift in Sources */,
				3D773FF926E0E06800BEA63F /* CardModifier.swift in Sources */,
				3DC1A27626C8B7C2005767B5 /* NFTAttributeViewModel.swift in Sources */,
				3D8F0D4F26D2555F006ABEB4 /* ZoomableScrollView.swift in Sources */,
				3DB4A4C527118DC900AA2F74 /* CardButtonStyle.swift in Sources */,
				3D773FF626E0DF3900BEA63F /* NFTCollectionSwipeView.swift in Sources */,
				3DB4A4C92711C5E900AA2F74 /* SortView.swift in Sources */,
				3DB4A4C32711865300AA2F74 /* ErrorView.swift in Sources */,
				3D86BF0726C4F7E000BF2FB0 /* ERC721Metadata.swift in Sources */,
				3D773FED26E0C6AE00BEA63F /* NFTCollectionViewModel.swift in Sources */,
				3D0B26252712D7C90071FA68 /* LazyView.swift in Sources */,
				3D700A4026DE560E008F0A96 /* SVGImageView.swift in Sources */,
				3DF893A026FF1EB700B66A01 /* NFTCollectionFactory.swift in Sources */,
				3DF9F4B926BF6F9D00C23005 /* Web3Repository.swift in Sources */,
				3D67B8E526F4BE8700EB102D /* SavedNFTListViewModel.swift in Sources */,
				3DF893A226FF21B900B66A01 /* SavedNFTFactory.swift in Sources */,
				3D8F0D4826CDE3F2006ABEB4 /* Title.swift in Sources */,
				3D797A9826F7B0B70036194A /* NewWalletViewModel.swift in Sources */,
				3D86BF0926C4F80400BF2FB0 /* Media.swift in Sources */,
				3DF9F48926BF6D6500C23005 /* NiftyApp.swift in Sources */,
				3D5F59EA26FF4CC400C992D2 /* RoundedCornerModifier.swift in Sources */,
				3D8F0D4D26CF3FFE006ABEB4 /* ShareView.swift in Sources */,
				3D76414926C0C5C30063B043 /* NFTListViewModel.swift in Sources */,
				3DF8939926FF1BD200B66A01 /* Wallet.swift in Sources */,
				3D0F46D926C7C9820044E89A /* PlayerLoopView.swift in Sources */,
				3D8F0D5526D2867D006ABEB4 /* AddWalletButton.swift in Sources */,
				3D67B8E726F4BEAD00EB102D /* SavedNFTViewModel.swift in Sources */,
				3D86BF0E26C4F8F300BF2FB0 /* NFTViewModel.swift in Sources */,
				3D8FBF8226F257CC0051B8B8 /* NFTs.xcdatamodeld in Sources */,
				3D797A9126F732BC0036194A /* Web3Utils.swift in Sources */,
				3D24A7FE26E35364004BC218 /* TabBar.swift in Sources */,
			);
			runOnlyForDeploymentPostprocessing = 0;
		};
		3DF9F49226BF6D6600C23005 /* Sources */ = {
			isa = PBXSourcesBuildPhase;
			buildActionMask = 2147483647;
			files = (
				3DF9F49B26BF6D6600C23005 /* NiftyTests.swift in Sources */,
			);
			runOnlyForDeploymentPostprocessing = 0;
		};
		3DF9F49D26BF6D6600C23005 /* Sources */ = {
			isa = PBXSourcesBuildPhase;
			buildActionMask = 2147483647;
			files = (
				3DF9F4A626BF6D6600C23005 /* NiftyUITests.swift in Sources */,
			);
			runOnlyForDeploymentPostprocessing = 0;
		};
/* End PBXSourcesBuildPhase section */

/* Begin PBXTargetDependency section */
		3DF9F49826BF6D6600C23005 /* PBXTargetDependency */ = {
			isa = PBXTargetDependency;
			target = 3DF9F48426BF6D6500C23005 /* Nifty */;
			targetProxy = 3DF9F49726BF6D6600C23005 /* PBXContainerItemProxy */;
		};
		3DF9F4A326BF6D6600C23005 /* PBXTargetDependency */ = {
			isa = PBXTargetDependency;
			target = 3DF9F48426BF6D6500C23005 /* Nifty */;
			targetProxy = 3DF9F4A226BF6D6600C23005 /* PBXContainerItemProxy */;
		};
/* End PBXTargetDependency section */

/* Begin XCBuildConfiguration section */
		3DF9F4A826BF6D6600C23005 /* Debug */ = {
			isa = XCBuildConfiguration;
			buildSettings = {
				ALWAYS_SEARCH_USER_PATHS = NO;
				CLANG_ANALYZER_NONNULL = YES;
				CLANG_ANALYZER_NUMBER_OBJECT_CONVERSION = YES_AGGRESSIVE;
				CLANG_CXX_LANGUAGE_STANDARD = "gnu++14";
				CLANG_CXX_LIBRARY = "libc++";
				CLANG_ENABLE_MODULES = YES;
				CLANG_ENABLE_OBJC_ARC = YES;
				CLANG_ENABLE_OBJC_WEAK = YES;
				CLANG_WARN_BLOCK_CAPTURE_AUTORELEASING = YES;
				CLANG_WARN_BOOL_CONVERSION = YES;
				CLANG_WARN_COMMA = YES;
				CLANG_WARN_CONSTANT_CONVERSION = YES;
				CLANG_WARN_DEPRECATED_OBJC_IMPLEMENTATIONS = YES;
				CLANG_WARN_DIRECT_OBJC_ISA_USAGE = YES_ERROR;
				CLANG_WARN_DOCUMENTATION_COMMENTS = YES;
				CLANG_WARN_EMPTY_BODY = YES;
				CLANG_WARN_ENUM_CONVERSION = YES;
				CLANG_WARN_INFINITE_RECURSION = YES;
				CLANG_WARN_INT_CONVERSION = YES;
				CLANG_WARN_NON_LITERAL_NULL_CONVERSION = YES;
				CLANG_WARN_OBJC_IMPLICIT_RETAIN_SELF = YES;
				CLANG_WARN_OBJC_LITERAL_CONVERSION = YES;
				CLANG_WARN_OBJC_ROOT_CLASS = YES_ERROR;
				CLANG_WARN_QUOTED_INCLUDE_IN_FRAMEWORK_HEADER = YES;
				CLANG_WARN_RANGE_LOOP_ANALYSIS = YES;
				CLANG_WARN_STRICT_PROTOTYPES = YES;
				CLANG_WARN_SUSPICIOUS_MOVE = YES;
				CLANG_WARN_UNGUARDED_AVAILABILITY = YES_AGGRESSIVE;
				CLANG_WARN_UNREACHABLE_CODE = YES;
				CLANG_WARN__DUPLICATE_METHOD_MATCH = YES;
				COPY_PHASE_STRIP = NO;
				DEBUG_INFORMATION_FORMAT = dwarf;
				ENABLE_STRICT_OBJC_MSGSEND = YES;
				ENABLE_TESTABILITY = YES;
				GCC_C_LANGUAGE_STANDARD = gnu11;
				GCC_DYNAMIC_NO_PIC = NO;
				GCC_NO_COMMON_BLOCKS = YES;
				GCC_OPTIMIZATION_LEVEL = 0;
				GCC_PREPROCESSOR_DEFINITIONS = (
					"DEBUG=1",
					"$(inherited)",
				);
				GCC_WARN_64_TO_32_BIT_CONVERSION = YES;
				GCC_WARN_ABOUT_RETURN_TYPE = YES_ERROR;
				GCC_WARN_UNDECLARED_SELECTOR = YES;
				GCC_WARN_UNINITIALIZED_AUTOS = YES_AGGRESSIVE;
				GCC_WARN_UNUSED_FUNCTION = YES;
				GCC_WARN_UNUSED_VARIABLE = YES;
				IPHONEOS_DEPLOYMENT_TARGET = 14.5;
				MTL_ENABLE_DEBUG_INFO = INCLUDE_SOURCE;
				MTL_FAST_MATH = YES;
				ONLY_ACTIVE_ARCH = YES;
				SDKROOT = iphoneos;
				SWIFT_ACTIVE_COMPILATION_CONDITIONS = DEBUG;
				SWIFT_OPTIMIZATION_LEVEL = "-Onone";
			};
			name = Debug;
		};
		3DF9F4A926BF6D6600C23005 /* Release */ = {
			isa = XCBuildConfiguration;
			buildSettings = {
				ALWAYS_SEARCH_USER_PATHS = NO;
				CLANG_ANALYZER_NONNULL = YES;
				CLANG_ANALYZER_NUMBER_OBJECT_CONVERSION = YES_AGGRESSIVE;
				CLANG_CXX_LANGUAGE_STANDARD = "gnu++14";
				CLANG_CXX_LIBRARY = "libc++";
				CLANG_ENABLE_MODULES = YES;
				CLANG_ENABLE_OBJC_ARC = YES;
				CLANG_ENABLE_OBJC_WEAK = YES;
				CLANG_WARN_BLOCK_CAPTURE_AUTORELEASING = YES;
				CLANG_WARN_BOOL_CONVERSION = YES;
				CLANG_WARN_COMMA = YES;
				CLANG_WARN_CONSTANT_CONVERSION = YES;
				CLANG_WARN_DEPRECATED_OBJC_IMPLEMENTATIONS = YES;
				CLANG_WARN_DIRECT_OBJC_ISA_USAGE = YES_ERROR;
				CLANG_WARN_DOCUMENTATION_COMMENTS = YES;
				CLANG_WARN_EMPTY_BODY = YES;
				CLANG_WARN_ENUM_CONVERSION = YES;
				CLANG_WARN_INFINITE_RECURSION = YES;
				CLANG_WARN_INT_CONVERSION = YES;
				CLANG_WARN_NON_LITERAL_NULL_CONVERSION = YES;
				CLANG_WARN_OBJC_IMPLICIT_RETAIN_SELF = YES;
				CLANG_WARN_OBJC_LITERAL_CONVERSION = YES;
				CLANG_WARN_OBJC_ROOT_CLASS = YES_ERROR;
				CLANG_WARN_QUOTED_INCLUDE_IN_FRAMEWORK_HEADER = YES;
				CLANG_WARN_RANGE_LOOP_ANALYSIS = YES;
				CLANG_WARN_STRICT_PROTOTYPES = YES;
				CLANG_WARN_SUSPICIOUS_MOVE = YES;
				CLANG_WARN_UNGUARDED_AVAILABILITY = YES_AGGRESSIVE;
				CLANG_WARN_UNREACHABLE_CODE = YES;
				CLANG_WARN__DUPLICATE_METHOD_MATCH = YES;
				COPY_PHASE_STRIP = NO;
				DEBUG_INFORMATION_FORMAT = "dwarf-with-dsym";
				ENABLE_NS_ASSERTIONS = NO;
				ENABLE_STRICT_OBJC_MSGSEND = YES;
				GCC_C_LANGUAGE_STANDARD = gnu11;
				GCC_NO_COMMON_BLOCKS = YES;
				GCC_WARN_64_TO_32_BIT_CONVERSION = YES;
				GCC_WARN_ABOUT_RETURN_TYPE = YES_ERROR;
				GCC_WARN_UNDECLARED_SELECTOR = YES;
				GCC_WARN_UNINITIALIZED_AUTOS = YES_AGGRESSIVE;
				GCC_WARN_UNUSED_FUNCTION = YES;
				GCC_WARN_UNUSED_VARIABLE = YES;
				IPHONEOS_DEPLOYMENT_TARGET = 14.5;
				MTL_ENABLE_DEBUG_INFO = NO;
				MTL_FAST_MATH = YES;
				SDKROOT = iphoneos;
				SWIFT_COMPILATION_MODE = wholemodule;
				SWIFT_OPTIMIZATION_LEVEL = "-O";
				VALIDATE_PRODUCT = YES;
			};
			name = Release;
		};
		3DF9F4AB26BF6D6600C23005 /* Debug */ = {
			isa = XCBuildConfiguration;
			buildSettings = {
				ASSETCATALOG_COMPILER_APPICON_NAME = AppIcon;
				ASSETCATALOG_COMPILER_GLOBAL_ACCENT_COLOR_NAME = AccentColor;
				ASSETCATALOG_COMPILER_INCLUDE_ALL_APPICON_ASSETS = NO;
				CODE_SIGN_STYLE = Automatic;
				DEVELOPMENT_ASSET_PATHS = "\"Nifty/Views/Preview Content\"";
				DEVELOPMENT_TEAM = 84BULQXU2Q;
				ENABLE_PREVIEWS = YES;
				INFOPLIST_FILE = Nifty/Info.plist;
				IPHONEOS_DEPLOYMENT_TARGET = 14.0;
				LD_RUNPATH_SEARCH_PATHS = (
					"$(inherited)",
					"@executable_path/Frameworks",
				);
				PRODUCT_BUNDLE_IDENTIFIER = com.niftystudios.niftyexplore;
				PRODUCT_NAME = "$(TARGET_NAME)";
				SWIFT_VERSION = 5.0;
				TARGETED_DEVICE_FAMILY = 1;
			};
			name = Debug;
		};
		3DF9F4AC26BF6D6600C23005 /* Release */ = {
			isa = XCBuildConfiguration;
			buildSettings = {
				ASSETCATALOG_COMPILER_APPICON_NAME = AppIcon;
				ASSETCATALOG_COMPILER_GLOBAL_ACCENT_COLOR_NAME = AccentColor;
				ASSETCATALOG_COMPILER_INCLUDE_ALL_APPICON_ASSETS = NO;
				CODE_SIGN_STYLE = Automatic;
				DEVELOPMENT_ASSET_PATHS = "\"Nifty/Views/Preview Content\"";
				DEVELOPMENT_TEAM = 84BULQXU2Q;
				ENABLE_PREVIEWS = YES;
				INFOPLIST_FILE = Nifty/Info.plist;
				IPHONEOS_DEPLOYMENT_TARGET = 14.0;
				LD_RUNPATH_SEARCH_PATHS = (
					"$(inherited)",
					"@executable_path/Frameworks",
				);
				PRODUCT_BUNDLE_IDENTIFIER = com.niftystudios.niftyexplore;
				PRODUCT_NAME = "$(TARGET_NAME)";
				SWIFT_VERSION = 5.0;
				TARGETED_DEVICE_FAMILY = 1;
			};
			name = Release;
		};
		3DF9F4AE26BF6D6600C23005 /* Debug */ = {
			isa = XCBuildConfiguration;
			buildSettings = {
				ALWAYS_EMBED_SWIFT_STANDARD_LIBRARIES = YES;
				BUNDLE_LOADER = "$(TEST_HOST)";
				CODE_SIGN_STYLE = Automatic;
				DEVELOPMENT_TEAM = 84BULQXU2Q;
				INFOPLIST_FILE = NiftyTests/Info.plist;
				IPHONEOS_DEPLOYMENT_TARGET = 14.0;
				LD_RUNPATH_SEARCH_PATHS = (
					"$(inherited)",
					"@executable_path/Frameworks",
					"@loader_path/Frameworks",
				);
				PRODUCT_BUNDLE_IDENTIFIER = com.Stefano.NiftyTests;
				PRODUCT_NAME = "$(TARGET_NAME)";
				SWIFT_VERSION = 5.0;
				TARGETED_DEVICE_FAMILY = "1,2";
				TEST_HOST = "$(BUILT_PRODUCTS_DIR)/Nifty.app/Nifty";
			};
			name = Debug;
		};
		3DF9F4AF26BF6D6600C23005 /* Release */ = {
			isa = XCBuildConfiguration;
			buildSettings = {
				ALWAYS_EMBED_SWIFT_STANDARD_LIBRARIES = YES;
				BUNDLE_LOADER = "$(TEST_HOST)";
				CODE_SIGN_STYLE = Automatic;
				DEVELOPMENT_TEAM = 84BULQXU2Q;
				INFOPLIST_FILE = NiftyTests/Info.plist;
				IPHONEOS_DEPLOYMENT_TARGET = 14.0;
				LD_RUNPATH_SEARCH_PATHS = (
					"$(inherited)",
					"@executable_path/Frameworks",
					"@loader_path/Frameworks",
				);
				PRODUCT_BUNDLE_IDENTIFIER = com.Stefano.NiftyTests;
				PRODUCT_NAME = "$(TARGET_NAME)";
				SWIFT_VERSION = 5.0;
				TARGETED_DEVICE_FAMILY = "1,2";
				TEST_HOST = "$(BUILT_PRODUCTS_DIR)/Nifty.app/Nifty";
			};
			name = Release;
		};
		3DF9F4B126BF6D6600C23005 /* Debug */ = {
			isa = XCBuildConfiguration;
			buildSettings = {
				ALWAYS_EMBED_SWIFT_STANDARD_LIBRARIES = YES;
				CODE_SIGN_STYLE = Automatic;
				DEVELOPMENT_TEAM = 84BULQXU2Q;
				INFOPLIST_FILE = NiftyUITests/Info.plist;
				LD_RUNPATH_SEARCH_PATHS = (
					"$(inherited)",
					"@executable_path/Frameworks",
					"@loader_path/Frameworks",
				);
				PRODUCT_BUNDLE_IDENTIFIER = com.Stefano.NiftyUITests;
				PRODUCT_NAME = "$(TARGET_NAME)";
				SWIFT_VERSION = 5.0;
				TARGETED_DEVICE_FAMILY = "1,2";
				TEST_TARGET_NAME = Nifty;
			};
			name = Debug;
		};
		3DF9F4B226BF6D6600C23005 /* Release */ = {
			isa = XCBuildConfiguration;
			buildSettings = {
				ALWAYS_EMBED_SWIFT_STANDARD_LIBRARIES = YES;
				CODE_SIGN_STYLE = Automatic;
				DEVELOPMENT_TEAM = 84BULQXU2Q;
				INFOPLIST_FILE = NiftyUITests/Info.plist;
				LD_RUNPATH_SEARCH_PATHS = (
					"$(inherited)",
					"@executable_path/Frameworks",
					"@loader_path/Frameworks",
				);
				PRODUCT_BUNDLE_IDENTIFIER = com.Stefano.NiftyUITests;
				PRODUCT_NAME = "$(TARGET_NAME)";
				SWIFT_VERSION = 5.0;
				TARGETED_DEVICE_FAMILY = "1,2";
				TEST_TARGET_NAME = Nifty;
			};
			name = Release;
		};
/* End XCBuildConfiguration section */

/* Begin XCConfigurationList section */
		3DF9F48026BF6D6500C23005 /* Build configuration list for PBXProject "Nifty" */ = {
			isa = XCConfigurationList;
			buildConfigurations = (
				3DF9F4A826BF6D6600C23005 /* Debug */,
				3DF9F4A926BF6D6600C23005 /* Release */,
			);
			defaultConfigurationIsVisible = 0;
			defaultConfigurationName = Release;
		};
		3DF9F4AA26BF6D6600C23005 /* Build configuration list for PBXNativeTarget "Nifty" */ = {
			isa = XCConfigurationList;
			buildConfigurations = (
				3DF9F4AB26BF6D6600C23005 /* Debug */,
				3DF9F4AC26BF6D6600C23005 /* Release */,
			);
			defaultConfigurationIsVisible = 0;
			defaultConfigurationName = Release;
		};
		3DF9F4AD26BF6D6600C23005 /* Build configuration list for PBXNativeTarget "NiftyTests" */ = {
			isa = XCConfigurationList;
			buildConfigurations = (
				3DF9F4AE26BF6D6600C23005 /* Debug */,
				3DF9F4AF26BF6D6600C23005 /* Release */,
			);
			defaultConfigurationIsVisible = 0;
			defaultConfigurationName = Release;
		};
		3DF9F4B026BF6D6600C23005 /* Build configuration list for PBXNativeTarget "NiftyUITests" */ = {
			isa = XCConfigurationList;
			buildConfigurations = (
				3DF9F4B126BF6D6600C23005 /* Debug */,
				3DF9F4B226BF6D6600C23005 /* Release */,
			);
			defaultConfigurationIsVisible = 0;
			defaultConfigurationName = Release;
		};
/* End XCConfigurationList section */

/* Begin XCRemoteSwiftPackageReference section */
		3D5EF9B526F71CDD00A3A21B /* XCRemoteSwiftPackageReference "web3.swift" */ = {
			isa = XCRemoteSwiftPackageReference;
			repositoryURL = "https://github.com/argentlabs/web3.swift.git";
			requirement = {
				kind = upToNextMajorVersion;
				minimumVersion = 0.8.1;
			};
		};
		3D5F59DD26FF3E1A00C992D2 /* XCRemoteSwiftPackageReference "SDWebImageVideoCoder" */ = {
			isa = XCRemoteSwiftPackageReference;
			repositoryURL = "https://github.com/SDWebImage/SDWebImageVideoCoder.git";
			requirement = {
				kind = upToNextMajorVersion;
				minimumVersion = 0.2.0;
			};
		};
		3D5F59E026FF3FC600C992D2 /* XCRemoteSwiftPackageReference "SDWebImageWebPCoder" */ = {
			isa = XCRemoteSwiftPackageReference;
			repositoryURL = "https://github.com/SDWebImage/SDWebImageWebPCoder.git";
			requirement = {
				kind = upToNextMajorVersion;
				minimumVersion = 0.8.4;
			};
		};
		3D700A3C26DE5600008F0A96 /* XCRemoteSwiftPackageReference "SVGKit" */ = {
			isa = XCRemoteSwiftPackageReference;
			repositoryURL = "https://github.com/SVGKit/SVGKit.git";
			requirement = {
				kind = upToNextMajorVersion;
				minimumVersion = 3.0.0;
			};
		};
		3D773FF226E0DCE800BEA63F /* XCRemoteSwiftPackageReference "SDWebImageSwiftUI" */ = {
			isa = XCRemoteSwiftPackageReference;
			repositoryURL = "https://github.com/SDWebImage/SDWebImageSwiftUI.git";
			requirement = {
				kind = upToNextMajorVersion;
				minimumVersion = 2.0.2;
			};
		};
		3D797A9226F7AD980036194A /* XCRemoteSwiftPackageReference "CryptoSwift" */ = {
			isa = XCRemoteSwiftPackageReference;
			repositoryURL = "https://github.com/krzyzanowskim/CryptoSwift.git";
			requirement = {
				kind = upToNextMajorVersion;
				minimumVersion = 1.0.0;
			};
		};
		3D86BF1426C50BA900BF2FB0 /* XCRemoteSwiftPackageReference "SkeletonUI" */ = {
			isa = XCRemoteSwiftPackageReference;
			repositoryURL = "https://github.com/CSolanaM/SkeletonUI.git";
			requirement = {
				kind = upToNextMajorVersion;
				minimumVersion = 1.0.5;
			};
		};
		3DCC503026E9FA0100425A48 /* XCRemoteSwiftPackageReference "SDWebImageSVGCoder" */ = {
			isa = XCRemoteSwiftPackageReference;
			repositoryURL = "https://github.com/SDWebImage/SDWebImageSVGCoder.git";
			requirement = {
				kind = upToNextMajorVersion;
				minimumVersion = 1.6.0;
			};
		};
/* End XCRemoteSwiftPackageReference section */

/* Begin XCSwiftPackageProductDependency section */
		3D5EF9B626F71CDD00A3A21B /* web3.swift */ = {
			isa = XCSwiftPackageProductDependency;
			package = 3D5EF9B526F71CDD00A3A21B /* XCRemoteSwiftPackageReference "web3.swift" */;
			productName = web3.swift;
		};
		3D5F59DE26FF3E1B00C992D2 /* SDWebImageVideoCoder */ = {
			isa = XCSwiftPackageProductDependency;
			package = 3D5F59DD26FF3E1A00C992D2 /* XCRemoteSwiftPackageReference "SDWebImageVideoCoder" */;
			productName = SDWebImageVideoCoder;
		};
		3D5F59E126FF3FC600C992D2 /* SDWebImageWebPCoder */ = {
			isa = XCSwiftPackageProductDependency;
			package = 3D5F59E026FF3FC600C992D2 /* XCRemoteSwiftPackageReference "SDWebImageWebPCoder" */;
			productName = SDWebImageWebPCoder;
		};
		3D700A3D26DE5600008F0A96 /* SVGKit */ = {
			isa = XCSwiftPackageProductDependency;
			package = 3D700A3C26DE5600008F0A96 /* XCRemoteSwiftPackageReference "SVGKit" */;
			productName = SVGKit;
		};
		3D773FF326E0DCE800BEA63F /* SDWebImageSwiftUI */ = {
			isa = XCSwiftPackageProductDependency;
			package = 3D773FF226E0DCE800BEA63F /* XCRemoteSwiftPackageReference "SDWebImageSwiftUI" */;
			productName = SDWebImageSwiftUI;
		};
		3D797A9326F7AD980036194A /* CryptoSwift */ = {
			isa = XCSwiftPackageProductDependency;
			package = 3D797A9226F7AD980036194A /* XCRemoteSwiftPackageReference "CryptoSwift" */;
			productName = CryptoSwift;
		};
		3D86BF1526C50BA900BF2FB0 /* SkeletonUI */ = {
			isa = XCSwiftPackageProductDependency;
			package = 3D86BF1426C50BA900BF2FB0 /* XCRemoteSwiftPackageReference "SkeletonUI" */;
			productName = SkeletonUI;
		};
		3DCC503126E9FA0100425A48 /* SDWebImageSVGCoder */ = {
			isa = XCSwiftPackageProductDependency;
			package = 3DCC503026E9FA0100425A48 /* XCRemoteSwiftPackageReference "SDWebImageSVGCoder" */;
			productName = SDWebImageSVGCoder;
		};
/* End XCSwiftPackageProductDependency section */

/* Begin XCVersionGroup section */
		3D8FBF8026F257CC0051B8B8 /* NFTs.xcdatamodeld */ = {
			isa = XCVersionGroup;
			children = (
				3D8FBF8126F257CC0051B8B8 /* NFTs.xcdatamodel */,
			);
			currentVersion = 3D8FBF8126F257CC0051B8B8 /* NFTs.xcdatamodel */;
			path = NFTs.xcdatamodeld;
			sourceTree = "<group>";
			versionGroupType = wrapper.xcdatamodel;
		};
/* End XCVersionGroup section */
	};
	rootObject = 3DF9F47D26BF6D6500C23005 /* Project object */;
}
